
Microsoft Visual Studio Solution File, Format Version 12.00
# Visual Studio Version 16
VisualStudioVersion = 16.0.30907.101
MinimumVisualStudioVersion = 10.0.40219.1
Project("{9A19103F-16F7-4668-BE54-9A1E7A4F7556}") = "DBConsoleClient", "DBConsoleClient\DBConsoleClient.csproj", "{8E9765A3-35F7-4E69-BB54-1039F4FBEA4B}"
EndProject
Project("{FAE04EC0-301F-11D3-BF4B-00C04F79EFBC}") = "ImagingDBClientLibrary", "ImagingDBClientLibrary\ImagingDBClientLibrary.csproj", "{08FE9617-4407-42BE-840C-8D7C010792AE}"
EndProject
Project("{FAE04EC0-301F-11D3-BF4B-00C04F79EFBC}") = "DBGuiClient", "DBGuiClient\DBGuiClient.csproj", "{8D7E76EC-3B9D-497D-976B-059220BF1245}"
EndProject
Project("{FAE04EC0-301F-11D3-BF4B-00C04F79EFBC}") = "DBClientForKIM", "DBClientForKIM\DBClientForKIM.csproj", "{87281534-32C5-424E-9F01-E6122363FDFD}"
EndProject
Project("{FAE04EC0-301F-11D3-BF4B-00C04F79EFBC}") = "DBClientForKIMTests", "DBClientForKIMTests\DBClientForKIMTests.csproj", "{6C721BA8-49C2-45D3-8A99-5231C5BDF72C}"
EndProject
Global
	GlobalSection(SolutionConfigurationPlatforms) = preSolution
		Debug|Any CPU = Debug|Any CPU
		Release|Any CPU = Release|Any CPU
	EndGlobalSection
	GlobalSection(ProjectConfigurationPlatforms) = postSolution
		{8E9765A3-35F7-4E69-BB54-1039F4FBEA4B}.Debug|Any CPU.ActiveCfg = Debug|Any CPU
		{8E9765A3-35F7-4E69-BB54-1039F4FBEA4B}.Debug|Any CPU.Build.0 = Debug|Any CPU
		{8E9765A3-35F7-4E69-BB54-1039F4FBEA4B}.Release|Any CPU.ActiveCfg = Release|Any CPU
		{8E9765A3-35F7-4E69-BB54-1039F4FBEA4B}.Release|Any CPU.Build.0 = Release|Any CPU
		{08FE9617-4407-42BE-840C-8D7C010792AE}.Debug|Any CPU.ActiveCfg = Debug|Any CPU
		{08FE9617-4407-42BE-840C-8D7C010792AE}.Debug|Any CPU.Build.0 = Debug|Any CPU
		{08FE9617-4407-42BE-840C-8D7C010792AE}.Release|Any CPU.ActiveCfg = Release|Any CPU
		{08FE9617-4407-42BE-840C-8D7C010792AE}.Release|Any CPU.Build.0 = Release|Any CPU
		{8D7E76EC-3B9D-497D-976B-059220BF1245}.Debug|Any CPU.ActiveCfg = Debug|Any CPU
		{8D7E76EC-3B9D-497D-976B-059220BF1245}.Debug|Any CPU.Build.0 = Debug|Any CPU
		{8D7E76EC-3B9D-497D-976B-059220BF1245}.Release|Any CPU.ActiveCfg = Release|Any CPU
		{8D7E76EC-3B9D-497D-976B-059220BF1245}.Release|Any CPU.Build.0 = Release|Any CPU
		{87281534-32C5-424E-9F01-E6122363FDFD}.Debug|Any CPU.ActiveCfg = Debug|Any CPU
		{87281534-32C5-424E-9F01-E6122363FDFD}.Debug|Any CPU.Build.0 = Debug|Any CPU
		{87281534-32C5-424E-9F01-E6122363FDFD}.Release|Any CPU.ActiveCfg = Release|Any CPU
		{87281534-32C5-424E-9F01-E6122363FDFD}.Release|Any CPU.Build.0 = Release|Any CPU
		{6C721BA8-49C2-45D3-8A99-5231C5BDF72C}.Debug|Any CPU.ActiveCfg = Debug|Any CPU
		{6C721BA8-49C2-45D3-8A99-5231C5BDF72C}.Debug|Any CPU.Build.0 = Debug|Any CPU
		{6C721BA8-49C2-45D3-8A99-5231C5BDF72C}.Release|Any CPU.ActiveCfg = Release|Any CPU
		{6C721BA8-49C2-45D3-8A99-5231C5BDF72C}.Release|Any CPU.Build.0 = Release|Any CPU
	EndGlobalSection
	GlobalSection(SolutionProperties) = preSolution
		HideSolutionNode = FALSE
	EndGlobalSection
	GlobalSection(ExtensibilityGlobals) = postSolution
		SolutionGuid = {E4192E49-5F4D-4C9E-9D44-660E93870122}
	EndGlobalSection
EndGlobal
